
Microsoft Visual Studio Solution File, Format Version 12.00
Project("{FAE04EC0-301F-11D3-BF4B-00C04F79EFBC}") = "TaskManagementAPI", "TaskManagementAPI\TaskManagementAPI.csproj", "{3C1E6BC3-4492-42FA-9512-C4D749E48D29}"
EndProject
Global
	GlobalSection(SolutionConfigurationPlatforms) = preSolution
		Debug|Any CPU = Debug|Any CPU
		Release|Any CPU = Release|Any CPU
	EndGlobalSection
	GlobalSection(ProjectConfigurationPlatforms) = postSolution
		{3C1E6BC3-4492-42FA-9512-C4D749E48D29}.Debug|Any CPU.ActiveCfg = Debug|Any CPU
		{3C1E6BC3-4492-42FA-9512-C4D749E48D29}.Debug|Any CPU.Build.0 = Debug|Any CPU
		{3C1E6BC3-4492-42FA-9512-C4D749E48D29}.Release|Any CPU.ActiveCfg = Release|Any CPU
		{3C1E6BC3-4492-42FA-9512-C4D749E48D29}.Release|Any CPU.Build.0 = Release|Any CPU
	EndGlobalSection
EndGlobal
